
Microsoft Visual Studio Solution File, Format Version 12.00
# Visual Studio Version 17
VisualStudioVersion = 17.0.32112.339
MinimumVisualStudioVersion = 10.0.40219.1
Project("{FAE04EC0-301F-11D3-BF4B-00C04F79EFBC}") = "01. Count Chars in a String", "01. Count Chars in a String\01. Count Chars in a String.csproj", "{ED7A1AC7-BEE2-481D-8BF3-9F68D2800284}"
EndProject
Project("{FAE04EC0-301F-11D3-BF4B-00C04F79EFBC}") = "02. A Miner Task", "02. A Miner Task\02. A Miner Task.csproj", "{6FD77F68-7DE8-4946-A87B-C7D6D55C03AF}"
EndProject
Project("{FAE04EC0-301F-11D3-BF4B-00C04F79EFBC}") = "03. Legendary Farming", "03. Legendary Farming\03. Legendary Farming.csproj", "{537040EA-0009-4951-BE48-3FD5F6200F0C}"
EndProject
Global
	GlobalSection(SolutionConfigurationPlatforms) = preSolution
		Debug|Any CPU = Debug|Any CPU
		Release|Any CPU = Release|Any CPU
	EndGlobalSection
	GlobalSection(ProjectConfigurationPlatforms) = postSolution
		{ED7A1AC7-BEE2-481D-8BF3-9F68D2800284}.Debug|Any CPU.ActiveCfg = Debug|Any CPU
		{ED7A1AC7-BEE2-481D-8BF3-9F68D2800284}.Debug|Any CPU.Build.0 = Debug|Any CPU
		{ED7A1AC7-BEE2-481D-8BF3-9F68D2800284}.Release|Any CPU.ActiveCfg = Release|Any CPU
		{ED7A1AC7-BEE2-481D-8BF3-9F68D2800284}.Release|Any CPU.Build.0 = Release|Any CPU
		{6FD77F68-7DE8-4946-A87B-C7D6D55C03AF}.Debug|Any CPU.ActiveCfg = Debug|Any CPU
		{6FD77F68-7DE8-4946-A87B-C7D6D55C03AF}.Debug|Any CPU.Build.0 = Debug|Any CPU
		{6FD77F68-7DE8-4946-A87B-C7D6D55C03AF}.Release|Any CPU.ActiveCfg = Release|Any CPU
		{6FD77F68-7DE8-4946-A87B-C7D6D55C03AF}.Release|Any CPU.Build.0 = Release|Any CPU
		{537040EA-0009-4951-BE48-3FD5F6200F0C}.Debug|Any CPU.ActiveCfg = Debug|Any CPU
		{537040EA-0009-4951-BE48-3FD5F6200F0C}.Debug|Any CPU.Build.0 = Debug|Any CPU
		{537040EA-0009-4951-BE48-3FD5F6200F0C}.Release|Any CPU.ActiveCfg = Release|Any CPU
		{537040EA-0009-4951-BE48-3FD5F6200F0C}.Release|Any CPU.Build.0 = Release|Any CPU
	EndGlobalSection
	GlobalSection(SolutionProperties) = preSolution
		HideSolutionNode = FALSE
	EndGlobalSection
	GlobalSection(ExtensibilityGlobals) = postSolution
		SolutionGuid = {CE53F7FF-8F63-4940-B382-E97103C09DBD}
	EndGlobalSection
EndGlobal
